// !$*UTF8*$!
{
	archiveVersion = 1;
	classes = {
	};
	objectVersion = 46;
	objects = {

/* Begin PBXBuildFile section */
		AE75E7711E654CDC007A28E8 /* main.m in Sources */ = {isa = PBXBuildFile; fileRef = AE75E7701E654CDC007A28E8 /* main.m */; };
		AE75E7741E654CDC007A28E8 /* AppDelegate.m in Sources */ = {isa = PBXBuildFile; fileRef = AE75E7731E654CDC007A28E8 /* AppDelegate.m */; };
		AE75E7771E654CDC007A28E8 /* ViewController.m in Sources */ = {isa = PBXBuildFile; fileRef = AE75E7761E654CDC007A28E8 /* ViewController.m */; };
		AE75E77A1E654CDC007A28E8 /* Main.storyboard in Resources */ = {isa = PBXBuildFile; fileRef = AE75E7781E654CDC007A28E8 /* Main.storyboard */; };
		AE75E77C1E654CDC007A28E8 /* Assets.xcassets in Resources */ = {isa = PBXBuildFile; fileRef = AE75E77B1E654CDC007A28E8 /* Assets.xcassets */; };
		AE75E77F1E654CDC007A28E8 /* LaunchScreen.storyboard in Resources */ = {isa = PBXBuildFile; fileRef = AE75E77D1E654CDC007A28E8 /* LaunchScreen.storyboard */; };
		AE75E78A1E654CDC007A28E8 /* TEST_OWERTests.m in Sources */ = {isa = PBXBuildFile; fileRef = AE75E7891E654CDC007A28E8 /* TEST_OWERTests.m */; };
		AE75E7951E654CDC007A28E8 /* TEST_OWERUITests.m in Sources */ = {isa = PBXBuildFile; fileRef = AE75E7941E654CDC007A28E8 /* TEST_OWERUITests.m */; };
/* End PBXBuildFile section */

/* Begin PBXContainerItemProxy section */
		AE75E7861E654CDC007A28E8 /* PBXContainerItemProxy */ = {
			isa = PBXContainerItemProxy;
			containerPortal = AE75E7641E654CDC007A28E8 /* Project object */;
			proxyType = 1;
			remoteGlobalIDString = AE75E76B1E654CDC007A28E8;
			remoteInfo = "TEST-OWER";
		};
		AE75E7911E654CDC007A28E8 /* PBXContainerItemProxy */ = {
			isa = PBXContainerItemProxy;
			containerPortal = AE75E7641E654CDC007A28E8 /* Project object */;
			proxyType = 1;
			remoteGlobalIDString = AE75E76B1E654CDC007A28E8;
			remoteInfo = "TEST-OWER";
		};
/* End PBXContainerItemProxy section */

/* Begin PBXFileReference section */
		AE75E76C1E654CDC007A28E8 /* TEST-OWER.app */ = {isa = PBXFileReference; explicitFileType = wrapper.application; includeInIndex = 0; path = "TEST-OWER.app"; sourceTree = BUILT_PRODUCTS_DIR; };
		AE75E7701E654CDC007A28E8 /* main.m */ = {isa = PBXFileReference; lastKnownFileType = sourcecode.c.objc; path = main.m; sourceTree = "<group>"; };
		AE75E7721E654CDC007A28E8 /* AppDelegate.h */ = {isa = PBXFileReference; lastKnownFileType = sourcecode.c.h; path = AppDelegate.h; sourceTree = "<group>"; };
		AE75E7731E654CDC007A28E8 /* AppDelegate.m */ = {isa = PBXFileReference; lastKnownFileType = sourcecode.c.objc; path = AppDelegate.m; sourceTree = "<group>"; };
		AE75E7751E654CDC007A28E8 /* ViewController.h */ = {isa = PBXFileReference; lastKnownFileType = sourcecode.c.h; path = ViewController.h; sourceTree = "<group>"; };
		AE75E7761E654CDC007A28E8 /* ViewController.m */ = {isa = PBXFileReference; lastKnownFileType = sourcecode.c.objc; path = ViewController.m; sourceTree = "<group>"; };
		AE75E7791E654CDC007A28E8 /* Base */ = {isa = PBXFileReference; lastKnownFileType = file.storyboard; name = Base; path = Base.lproj/Main.storyboard; sourceTree = "<group>"; };
		AE75E77B1E654CDC007A28E8 /* Assets.xcassets */ = {isa = PBXFileReference; lastKnownFileType = folder.assetcatalog; path = Assets.xcassets; sourceTree = "<group>"; };
		AE75E77E1E654CDC007A28E8 /* Base */ = {isa = PBXFileReference; lastKnownFileType = file.storyboard; name = Base; path = Base.lproj/LaunchScreen.storyboard; sourceTree = "<group>"; };
		AE75E7801E654CDC007A28E8 /* Info.plist */ = {isa = PBXFileReference; lastKnownFileType = text.plist.xml; path = Info.plist; sourceTree = "<group>"; };
		AE75E7851E654CDC007A28E8 /* TEST-OWERTests.xctest */ = {isa = PBXFileReference; explicitFileType = wrapper.cfbundle; includeInIndex = 0; path = "TEST-OWERTests.xctest"; sourceTree = BUILT_PRODUCTS_DIR; };
		AE75E7891E654CDC007A28E8 /* TEST_OWERTests.m */ = {isa = PBXFileReference; lastKnownFileType = sourcecode.c.objc; path = TEST_OWERTests.m; sourceTree = "<group>"; };
		AE75E78B1E654CDC007A28E8 /* Info.plist */ = {isa = PBXFileReference; lastKnownFileType = text.plist.xml; path = Info.plist; sourceTree = "<group>"; };
		AE75E7901E654CDC007A28E8 /* TEST-OWERUITests.xctest */ = {isa = PBXFileReference; explicitFileType = wrapper.cfbundle; includeInIndex = 0; path = "TEST-OWERUITests.xctest"; sourceTree = BUILT_PRODUCTS_DIR; };
		AE75E7941E654CDC007A28E8 /* TEST_OWERUITests.m */ = {isa = PBXFileReference; lastKnownFileType = sourcecode.c.objc; path = TEST_OWERUITests.m; sourceTree = "<group>"; };
		AE75E7961E654CDC007A28E8 /* Info.plist */ = {isa = PBXFileReference; lastKnownFileType = text.plist.xml; path = Info.plist; sourceTree = "<group>"; };
/* End PBXFileReference section */

/* Begin PBXFrameworksBuildPhase section */
		AE75E7691E654CDC007A28E8 /* Frameworks */ = {
			isa = PBXFrameworksBuildPhase;
			buildActionMask = 2147483647;
			files = (
			);
			runOnlyForDeploymentPostprocessing = 0;
		};
		AE75E7821E654CDC007A28E8 /* Frameworks */ = {
			isa = PBXFrameworksBuildPhase;
			buildActionMask = 2147483647;
			files = (
			);
			runOnlyForDeploymentPostprocessing = 0;
		};
		AE75E78D1E654CDC007A28E8 /* Frameworks */ = {
			isa = PBXFrameworksBuildPhase;
			buildActionMask = 2147483647;
			files = (
			);
			runOnlyForDeploymentPostprocessing = 0;
		};
/* End PBXFrameworksBuildPhase section */

/* Begin PBXGroup section */
		AE75E7631E654CDC007A28E8 = {
			isa = PBXGroup;
			children = (
				AE75E76E1E654CDC007A28E8 /* TEST-OWER */,
				AE75E7881E654CDC007A28E8 /* TEST-OWERTests */,
				AE75E7931E654CDC007A28E8 /* TEST-OWERUITests */,
				AE75E76D1E654CDC007A28E8 /* Products */,
			);
			sourceTree = "<group>";
		};
		AE75E76D1E654CDC007A28E8 /* Products */ = {
			isa = PBXGroup;
			children = (
				AE75E76C1E654CDC007A28E8 /* TEST-OWER.app */,
				AE75E7851E654CDC007A28E8 /* TEST-OWERTests.xctest */,
				AE75E7901E654CDC007A28E8 /* TEST-OWERUITests.xctest */,
			);
			name = Products;
			sourceTree = "<group>";
		};
		AE75E76E1E654CDC007A28E8 /* TEST-OWER */ = {
			isa = PBXGroup;
			children = (
				AE75E7721E654CDC007A28E8 /* AppDelegate.h */,
				AE75E7731E654CDC007A28E8 /* AppDelegate.m */,
				AE75E7751E654CDC007A28E8 /* ViewController.h */,
				AE75E7761E654CDC007A28E8 /* ViewController.m */,
				AE75E7781E654CDC007A28E8 /* Main.storyboard */,
				AE75E77B1E654CDC007A28E8 /* Assets.xcassets */,
				AE75E77D1E654CDC007A28E8 /* LaunchScreen.storyboard */,
				AE75E7801E654CDC007A28E8 /* Info.plist */,
				AE75E76F1E654CDC007A28E8 /* Supporting Files */,
			);
			path = "TEST-OWER";
			sourceTree = "<group>";
		};
		AE75E76F1E654CDC007A28E8 /* Supporting Files */ = {
			isa = PBXGroup;
			children = (
				AE75E7701E654CDC007A28E8 /* main.m */,
			);
			name = "Supporting Files";
			sourceTree = "<group>";
		};
		AE75E7881E654CDC007A28E8 /* TEST-OWERTests */ = {
			isa = PBXGroup;
			children = (
				AE75E7891E654CDC007A28E8 /* TEST_OWERTests.m */,
				AE75E78B1E654CDC007A28E8 /* Info.plist */,
			);
			path = "TEST-OWERTests";
			sourceTree = "<group>";
		};
		AE75E7931E654CDC007A28E8 /* TEST-OWERUITests */ = {
			isa = PBXGroup;
			children = (
				AE75E7941E654CDC007A28E8 /* TEST_OWERUITests.m */,
				AE75E7961E654CDC007A28E8 /* Info.plist */,
			);
			path = "TEST-OWERUITests";
			sourceTree = "<group>";
		};
/* End PBXGroup section */

/* Begin PBXNativeTarget section */
		AE75E76B1E654CDC007A28E8 /* TEST-OWER */ = {
			isa = PBXNativeTarget;
			buildConfigurationList = AE75E7991E654CDC007A28E8 /* Build configuration list for PBXNativeTarget "TEST-OWER" */;
			buildPhases = (
				AE75E7681E654CDC007A28E8 /* Sources */,
				AE75E7691E654CDC007A28E8 /* Frameworks */,
				AE75E76A1E654CDC007A28E8 /* Resources */,
			);
			buildRules = (
			);
			dependencies = (
			);
			name = "TEST-OWER";
			productName = "TEST-OWER";
			productReference = AE75E76C1E654CDC007A28E8 /* TEST-OWER.app */;
			productType = "com.apple.product-type.application";
		};
		AE75E7841E654CDC007A28E8 /* TEST-OWERTests */ = {
			isa = PBXNativeTarget;
			buildConfigurationList = AE75E79C1E654CDC007A28E8 /* Build configuration list for PBXNativeTarget "TEST-OWERTests" */;
			buildPhases = (
				AE75E7811E654CDC007A28E8 /* Sources */,
				AE75E7821E654CDC007A28E8 /* Frameworks */,
				AE75E7831E654CDC007A28E8 /* Resources */,
			);
			buildRules = (
			);
			dependencies = (
				AE75E7871E654CDC007A28E8 /* PBXTargetDependency */,
			);
			name = "TEST-OWERTests";
			productName = "TEST-OWERTests";
			productReference = AE75E7851E654CDC007A28E8 /* TEST-OWERTests.xctest */;
			productType = "com.apple.product-type.bundle.unit-test";
		};
		AE75E78F1E654CDC007A28E8 /* TEST-OWERUITests */ = {
			isa = PBXNativeTarget;
			buildConfigurationList = AE75E79F1E654CDC007A28E8 /* Build configuration list for PBXNativeTarget "TEST-OWERUITests" */;
			buildPhases = (
				AE75E78C1E654CDC007A28E8 /* Sources */,
				AE75E78D1E654CDC007A28E8 /* Frameworks */,
				AE75E78E1E654CDC007A28E8 /* Resources */,
			);
			buildRules = (
			);
			dependencies = (
				AE75E7921E654CDC007A28E8 /* PBXTargetDependency */,
			);
			name = "TEST-OWERUITests";
			productName = "TEST-OWERUITests";
			productReference = AE75E7901E654CDC007A28E8 /* TEST-OWERUITests.xctest */;
			productType = "com.apple.product-type.bundle.ui-testing";
		};
/* End PBXNativeTarget section */

/* Begin PBXProject section */
		AE75E7641E654CDC007A28E8 /* Project object */ = {
			isa = PBXProject;
			attributes = {
				LastUpgradeCheck = 0820;
				ORGANIZATIONNAME = "潘涛";
				TargetAttributes = {
					AE75E76B1E654CDC007A28E8 = {
						CreatedOnToolsVersion = 8.2.1;
						ProvisioningStyle = Automatic;
					};
					AE75E7841E654CDC007A28E8 = {
						CreatedOnToolsVersion = 8.2.1;
						ProvisioningStyle = Automatic;
						TestTargetID = AE75E76B1E654CDC007A28E8;
					};
					AE75E78F1E654CDC007A28E8 = {
						CreatedOnToolsVersion = 8.2.1;
						ProvisioningStyle = Automatic;
						TestTargetID = AE75E76B1E654CDC007A28E8;
					};
				};
			};
			buildConfigurationList = AE75E7671E654CDC007A28E8 /* Build configuration list for PBXProject "TEST-OWER" */;
			compatibilityVersion = "Xcode 3.2";
			developmentRegion = English;
			hasScannedForEncodings = 0;
			knownRegions = (
				en,
				Base,
			);
			mainGroup = AE75E7631E654CDC007A28E8;
			productRefGroup = AE75E76D1E654CDC007A28E8 /* Products */;
			projectDirPath = "";
			projectRoot = "";
			targets = (
				AE75E76B1E654CDC007A28E8 /* TEST-OWER */,
				AE75E7841E654CDC007A28E8 /* TEST-OWERTests */,
				AE75E78F1E654CDC007A28E8 /* TEST-OWERUITests */,
			);
		};
/* End PBXProject section */

/* Begin PBXResourcesBuildPhase section */
		AE75E76A1E654CDC007A28E8 /* Resources */ = {
			isa = PBXResourcesBuildPhase;
			buildActionMask = 2147483647;
			files = (
				AE75E77F1E654CDC007A28E8 /* LaunchScreen.storyboard in Resources */,
				AE75E77C1E654CDC007A28E8 /* Assets.xcassets in Resources */,
				AE75E77A1E654CDC007A28E8 /* Main.storyboard in Resources */,
			);
			runOnlyForDeploymentPostprocessing = 0;
		};
		AE75E7831E654CDC007A28E8 /* Resources */ = {
			isa = PBXResourcesBuildPhase;
			buildActionMask = 2147483647;
			files = (
			);
			runOnlyForDeploymentPostprocessing = 0;
		};
		AE75E78E1E654CDC007A28E8 /* Resources */ = {
			isa = PBXResourcesBuildPhase;
			buildActionMask = 2147483647;
			files = (
			);
			runOnlyForDeploymentPostprocessing = 0;
		};
/* End PBXResourcesBuildPhase section */

/* Begin PBXSourcesBuildPhase section */
		AE75E7681E654CDC007A28E8 /* Sources */ = {
			isa = PBXSourcesBuildPhase;
			buildActionMask = 2147483647;
			files = (
				AE75E7771E654CDC007A28E8 /* ViewController.m in Sources */,
				AE75E7741E654CDC007A28E8 /* AppDelegate.m in Sources */,
				AE75E7711E654CDC007A28E8 /* main.m in Sources */,
			);
			runOnlyForDeploymentPostprocessing = 0;
		};
		AE75E7811E654CDC007A28E8 /* Sources */ = {
			isa = PBXSourcesBuildPhase;
			buildActionMask = 2147483647;
			files = (
				AE75E78A1E654CDC007A28E8 /* TEST_OWERTests.m in Sources */,
			);
			runOnlyForDeploymentPostprocessing = 0;
		};
		AE75E78C1E654CDC007A28E8 /* Sources */ = {
			isa = PBXSourcesBuildPhase;
			buildActionMask = 2147483647;
			files = (
				AE75E7951E654CDC007A28E8 /* TEST_OWERUITests.m in Sources */,
			);
			runOnlyForDeploymentPostprocessing = 0;
		};
/* End PBXSourcesBuildPhase section */

/* Begin PBXTargetDependency section */
		AE75E7871E654CDC007A28E8 /* PBXTargetDependency */ = {
			isa = PBXTargetDependency;
			target = AE75E76B1E654CDC007A28E8 /* TEST-OWER */;
			targetProxy = AE75E7861E654CDC007A28E8 /* PBXContainerItemProxy */;
		};
		AE75E7921E654CDC007A28E8 /* PBXTargetDependency */ = {
			isa = PBXTargetDependency;
			target = AE75E76B1E654CDC007A28E8 /* TEST-OWER */;
			targetProxy = AE75E7911E654CDC007A28E8 /* PBXContainerItemProxy */;
		};
/* End PBXTargetDependency section */

/* Begin PBXVariantGroup section */
		AE75E7781E654CDC007A28E8 /* Main.storyboard */ = {
			isa = PBXVariantGroup;
			children = (
				AE75E7791E654CDC007A28E8 /* Base */,
			);
			name = Main.storyboard;
			sourceTree = "<group>";
		};
		AE75E77D1E654CDC007A28E8 /* LaunchScreen.storyboard */ = {
			isa = PBXVariantGroup;
			children = (
				AE75E77E1E654CDC007A28E8 /* Base */,
			);
			name = LaunchScreen.storyboard;
			sourceTree = "<group>";
		};
/* End PBXVariantGroup section */

/* Begin XCBuildConfiguration section */
		AE75E7971E654CDC007A28E8 /* Debug */ = {
			isa = XCBuildConfiguration;
			buildSettings = {
				ALWAYS_SEARCH_USER_PATHS = NO;
				CLANG_ANALYZER_NONNULL = YES;
				CLANG_CXX_LANGUAGE_STANDARD = "gnu++0x";
				CLANG_CXX_LIBRARY = "libc++";
				CLANG_ENABLE_MODULES = YES;
				CLANG_ENABLE_OBJC_ARC = YES;
				CLANG_WARN_BOOL_CONVERSION = YES;
				CLANG_WARN_CONSTANT_CONVERSION = YES;
				CLANG_WARN_DIRECT_OBJC_ISA_USAGE = YES_ERROR;
				CLANG_WARN_DOCUMENTATION_COMMENTS = YES;
				CLANG_WARN_EMPTY_BODY = YES;
				CLANG_WARN_ENUM_CONVERSION = YES;
				CLANG_WARN_INFINITE_RECURSION = YES;
				CLANG_WARN_INT_CONVERSION = YES;
				CLANG_WARN_OBJC_ROOT_CLASS = YES_ERROR;
				CLANG_WARN_SUSPICIOUS_MOVE = YES;
				CLANG_WARN_UNREACHABLE_CODE = YES;
				CLANG_WARN__DUPLICATE_METHOD_MATCH = YES;
				"CODE_SIGN_IDENTITY[sdk=iphoneos*]" = "iPhone Developer";
				COPY_PHASE_STRIP = NO;
				DEBUG_INFORMATION_FORMAT = dwarf;
				ENABLE_STRICT_OBJC_MSGSEND = YES;
				ENABLE_TESTABILITY = YES;
				GCC_C_LANGUAGE_STANDARD = gnu99;
				GCC_DYNAMIC_NO_PIC = NO;
				GCC_NO_COMMON_BLOCKS = YES;
				GCC_OPTIMIZATION_LEVEL = 0;
				GCC_PREPROCESSOR_DEFINITIONS = (
					"DEBUG=1",
					"$(inherited)",
				);
				GCC_WARN_64_TO_32_BIT_CONVERSION = YES;
				GCC_WARN_ABOUT_RETURN_TYPE = YES_ERROR;
				GCC_WARN_UNDECLARED_SELECTOR = YES;
				GCC_WARN_UNINITIALIZED_AUTOS = YES_AGGRESSIVE;
				GCC_WARN_UNUSED_FUNCTION = YES;
				GCC_WARN_UNUSED_VARIABLE = YES;
				IPHONEOS_DEPLOYMENT_TARGET = 10.2;
				MTL_ENABLE_DEBUG_INFO = YES;
				ONLY_ACTIVE_ARCH = YES;
				SDKROOT = iphoneos;
				TARGETED_DEVICE_FAMILY = "1,2";
			};
			name = Debug;
		};
		AE75E7981E654CDC007A28E8 /* Release */ = {
			isa = XCBuildConfiguration;
			buildSettings = {
				ALWAYS_SEARCH_USER_PATHS = NO;
				CLANG_ANALYZER_NONNULL = YES;
				CLANG_CXX_LANGUAGE_STANDARD = "gnu++0x";
				CLANG_CXX_LIBRARY = "libc++";
				CLANG_ENABLE_MODULES = YES;
				CLANG_ENABLE_OBJC_ARC = YES;
				CLANG_WARN_BOOL_CONVERSION = YES;
				CLANG_WARN_CONSTANT_CONVERSION = YES;
				CLANG_WARN_DIRECT_OBJC_ISA_USAGE = YES_ERROR;
				CLANG_WARN_DOCUMENTATION_COMMENTS = YES;
				CLANG_WARN_EMPTY_BODY = YES;
				CLANG_WARN_ENUM_CONVERSION = YES;
				CLANG_WARN_INFINITE_RECURSION = YES;
				CLANG_WARN_INT_CONVERSION = YES;
				CLANG_WARN_OBJC_ROOT_CLASS = YES_ERROR;
				CLANG_WARN_SUSPICIOUS_MOVE = YES;
				CLANG_WARN_UNREACHABLE_CODE = YES;
				CLANG_WARN__DUPLICATE_METHOD_MATCH = YES;
				"CODE_SIGN_IDENTITY[sdk=iphoneos*]" = "iPhone Developer";
				COPY_PHASE_STRIP = NO;
				DEBUG_INFORMATION_FORMAT = "dwarf-with-dsym";
				ENABLE_NS_ASSERTIONS = NO;
				ENABLE_STRICT_OBJC_MSGSEND = YES;
				GCC_C_LANGUAGE_STANDARD = gnu99;
				GCC_NO_COMMON_BLOCKS = YES;
				GCC_WARN_64_TO_32_BIT_CONVERSION = YES;
				GCC_WARN_ABOUT_RETURN_TYPE = YES_ERROR;
				GCC_WARN_UNDECLARED_SELECTOR = YES;
				GCC_WARN_UNINITIALIZED_AUTOS = YES_AGGRESSIVE;
				GCC_WARN_UNUSED_FUNCTION = YES;
				GCC_WARN_UNUSED_VARIABLE = YES;
				IPHONEOS_DEPLOYMENT_TARGET = 10.2;
				MTL_ENABLE_DEBUG_INFO = NO;
				SDKROOT = iphoneos;
				TARGETED_DEVICE_FAMILY = "1,2";
				VALIDATE_PRODUCT = YES;
			};
			name = Release;
		};
		AE75E79A1E654CDC007A28E8 /* Debug */ = {
			isa = XCBuildConfiguration;
			buildSettings = {
				ASSETCATALOG_COMPILER_APPICON_NAME = AppIcon;
				INFOPLIST_FILE = "TEST-OWER/Info.plist";
				LD_RUNPATH_SEARCH_PATHS = "$(inherited) @executable_path/Frameworks";
				PRODUCT_BUNDLE_IDENTIFIER = "pantao.TEST-OWER";
				PRODUCT_NAME = "$(TARGET_NAME)";
			};
			name = Debug;
		};
		AE75E79B1E654CDC007A28E8 /* Release */ = {
			isa = XCBuildConfiguration;
			buildSettings = {
				ASSETCATALOG_COMPILER_APPICON_NAME = AppIcon;
				INFOPLIST_FILE = "TEST-OWER/Info.plist";
				LD_RUNPATH_SEARCH_PATHS = "$(inherited) @executable_path/Frameworks";
				PRODUCT_BUNDLE_IDENTIFIER = "pantao.TEST-OWER";
				PRODUCT_NAME = "$(TARGET_NAME)";
			};
			name = Release;
		};
		AE75E79D1E654CDC007A28E8 /* Debug */ = {
			isa = XCBuildConfiguration;
			buildSettings = {
				BUNDLE_LOADER = "$(TEST_HOST)";
				INFOPLIST_FILE = "TEST-OWERTests/Info.plist";
				LD_RUNPATH_SEARCH_PATHS = "$(inherited) @executable_path/Frameworks @loader_path/Frameworks";
				PRODUCT_BUNDLE_IDENTIFIER = "pantao.TEST-OWERTests";
				PRODUCT_NAME = "$(TARGET_NAME)";
				TEST_HOST = "$(BUILT_PRODUCTS_DIR)/TEST-OWER.app/TEST-OWER";
			};
			name = Debug;
		};
		AE75E79E1E654CDC007A28E8 /* Release */ = {
			isa = XCBuildConfiguration;
			buildSettings = {
				BUNDLE_LOADER = "$(TEST_HOST)";
				INFOPLIST_FILE = "TEST-OWERTests/Info.plist";
				LD_RUNPATH_SEARCH_PATHS = "$(inherited) @executable_path/Frameworks @loader_path/Frameworks";
				PRODUCT_BUNDLE_IDENTIFIER = "pantao.TEST-OWERTests";
				PRODUCT_NAME = "$(TARGET_NAME)";
				TEST_HOST = "$(BUILT_PRODUCTS_DIR)/TEST-OWER.app/TEST-OWER";
			};
			name = Release;
		};
		AE75E7A01E654CDC007A28E8 /* Debug */ = {
			isa = XCBuildConfiguration;
			buildSettings = {
				INFOPLIST_FILE = "TEST-OWERUITests/Info.plist";
				LD_RUNPATH_SEARCH_PATHS = "$(inherited) @executable_path/Frameworks @loader_path/Frameworks";
				PRODUCT_BUNDLE_IDENTIFIER = "pantao.TEST-OWERUITests";
				PRODUCT_NAME = "$(TARGET_NAME)";
				TEST_TARGET_NAME = "TEST-OWER";
			};
			name = Debug;
		};
		AE75E7A11E654CDC007A28E8 /* Release */ = {
			isa = XCBuildConfiguration;
			buildSettings = {
				INFOPLIST_FILE = "TEST-OWERUITests/Info.plist";
				LD_RUNPATH_SEARCH_PATHS = "$(inherited) @executable_path/Frameworks @loader_path/Frameworks";
				PRODUCT_BUNDLE_IDENTIFIER = "pantao.TEST-OWERUITests";
				PRODUCT_NAME = "$(TARGET_NAME)";
				TEST_TARGET_NAME = "TEST-OWER";
			};
			name = Release;
		};
/* End XCBuildConfiguration section */

/* Begin XCConfigurationList section */
		AE75E7671E654CDC007A28E8 /* Build configuration list for PBXProject "TEST-OWER" */ = {
			isa = XCConfigurationList;
			buildConfigurations = (
				AE75E7971E654CDC007A28E8 /* Debug */,
				AE75E7981E654CDC007A28E8 /* Release */,
			);
			defaultConfigurationIsVisible = 0;
			defaultConfigurationName = Release;
		};
		AE75E7991E654CDC007A28E8 /* Build configuration list for PBXNativeTarget "TEST-OWER" */ = {
			isa = XCConfigurationList;
			buildConfigurations = (
				AE75E79A1E654CDC007A28E8 /* Debug */,
				AE75E79B1E654CDC007A28E8 /* Release */,
			);
			defaultConfigurationIsVisible = 0;
		};
		AE75E79C1E654CDC007A28E8 /* Build configuration list for PBXNativeTarget "TEST-OWERTests" */ = {
			isa = XCConfigurationList;
			buildConfigurations = (
				AE75E79D1E654CDC007A28E8 /* Debug */,
				AE75E79E1E654CDC007A28E8 /* Release */,
			);
			defaultConfigurationIsVisible = 0;
		};
		AE75E79F1E654CDC007A28E8 /* Build configuration list for PBXNativeTarget "TEST-OWERUITests" */ = {
			isa = XCConfigurationList;
			buildConfigurations = (
				AE75E7A01E654CDC007A28E8 /* Debug */,
				AE75E7A11E654CDC007A28E8 /* Release */,
			);
			defaultConfigurationIsVisible = 0;
		};
/* End XCConfigurationList section */
	};
	rootObject = AE75E7641E654CDC007A28E8 /* Project object */;
}
